
Microsoft Visual Studio Solution File, Format Version 12.00
# Visual Studio Version 17
VisualStudioVersion = 17.2.32526.322
MinimumVisualStudioVersion = 10.0.40219.1
Project("{FAE04EC0-301F-11D3-BF4B-00C04F79EFBC}") = "mvcapppojisteniverze02", "mvcapppojisteniverze02.csproj", "{F3F4BAB3-C468-4C57-BC42-53C97A223879}"
EndProject
Global
	GlobalSection(SolutionConfigurationPlatforms) = preSolution
		Debug|Any CPU = Debug|Any CPU
		Release|Any CPU = Release|Any CPU
	EndGlobalSection
	GlobalSection(ProjectConfigurationPlatforms) = postSolution
		{F3F4BAB3-C468-4C57-BC42-53C97A223879}.Debug|Any CPU.ActiveCfg = Debug|Any CPU
		{F3F4BAB3-C468-4C57-BC42-53C97A223879}.Debug|Any CPU.Build.0 = Debug|Any CPU
		{F3F4BAB3-C468-4C57-BC42-53C97A223879}.Release|Any CPU.ActiveCfg = Release|Any CPU
		{F3F4BAB3-C468-4C57-BC42-53C97A223879}.Release|Any CPU.Build.0 = Release|Any CPU
	EndGlobalSection
	GlobalSection(SolutionProperties) = preSolution
		HideSolutionNode = FALSE
	EndGlobalSection
	GlobalSection(ExtensibilityGlobals) = postSolution
		SolutionGuid = {40D57A4E-29B5-4385-9891-F0E0BD7EAB65}
	EndGlobalSection
EndGlobal
